
Microsoft Visual Studio Solution File, Format Version 9.00
# Visual C# Express 2005
Project("{FAE04EC0-301F-11D3-BF4B-00C04F79EFBC}") = "ch3-4_C", "ch3-4_C\ch3-4_C.csproj", "{D0697C0D-276F-4552-858B-EE26A7D395EB}"
EndProject
Global
	GlobalSection(SolutionConfigurationPlatforms) = preSolution
		Debug|Any CPU = Debug|Any CPU
		Release|Any CPU = Release|Any CPU
	EndGlobalSection
	GlobalSection(ProjectConfigurationPlatforms) = postSolution
		{D0697C0D-276F-4552-858B-EE26A7D395EB}.Debug|Any CPU.ActiveCfg = Debug|Any CPU
		{D0697C0D-276F-4552-858B-EE26A7D395EB}.Debug|Any CPU.Build.0 = Debug|Any CPU
		{D0697C0D-276F-4552-858B-EE26A7D395EB}.Release|Any CPU.ActiveCfg = Release|Any CPU
		{D0697C0D-276F-4552-858B-EE26A7D395EB}.Release|Any CPU.Build.0 = Release|Any CPU
	EndGlobalSection
	GlobalSection(SolutionProperties) = preSolution
		HideSolutionNode = FALSE
	EndGlobalSection
EndGlobal
