
Microsoft Visual Studio Solution File, Format Version 9.00
# Visual C# Express 2005
Project("{FAE04EC0-301F-11D3-BF4B-00C04F79EFBC}") = "ch8-1_9", "ch8-1_9\ch8-1_9.csproj", "{AD69BA6C-2510-4C5F-859F-A7BCC20FF62A}"
EndProject
Global
	GlobalSection(SolutionConfigurationPlatforms) = preSolution
		Debug|Any CPU = Debug|Any CPU
		Release|Any CPU = Release|Any CPU
	EndGlobalSection
	GlobalSection(ProjectConfigurationPlatforms) = postSolution
		{AD69BA6C-2510-4C5F-859F-A7BCC20FF62A}.Debug|Any CPU.ActiveCfg = Debug|Any CPU
		{AD69BA6C-2510-4C5F-859F-A7BCC20FF62A}.Debug|Any CPU.Build.0 = Debug|Any CPU
		{AD69BA6C-2510-4C5F-859F-A7BCC20FF62A}.Release|Any CPU.ActiveCfg = Release|Any CPU
		{AD69BA6C-2510-4C5F-859F-A7BCC20FF62A}.Release|Any CPU.Build.0 = Release|Any CPU
	EndGlobalSection
	GlobalSection(SolutionProperties) = preSolution
		HideSolutionNode = FALSE
	EndGlobalSection
EndGlobal
