
Microsoft Visual Studio Solution File, Format Version 10.00
# Visual C# Express 2008
Project("{FAE04EC0-301F-11D3-BF4B-00C04F79EFBC}") = "ch9-9B", "ch9-9B\ch9-9B.csproj", "{68C15CEA-CD6A-411D-BE7A-A59DF0B95494}"
EndProject
Global
	GlobalSection(SolutionConfigurationPlatforms) = preSolution
		Debug|Any CPU = Debug|Any CPU
		Release|Any CPU = Release|Any CPU
	EndGlobalSection
	GlobalSection(ProjectConfigurationPlatforms) = postSolution
		{68C15CEA-CD6A-411D-BE7A-A59DF0B95494}.Debug|Any CPU.ActiveCfg = Debug|Any CPU
		{68C15CEA-CD6A-411D-BE7A-A59DF0B95494}.Debug|Any CPU.Build.0 = Debug|Any CPU
		{68C15CEA-CD6A-411D-BE7A-A59DF0B95494}.Release|Any CPU.ActiveCfg = Release|Any CPU
		{68C15CEA-CD6A-411D-BE7A-A59DF0B95494}.Release|Any CPU.Build.0 = Release|Any CPU
	EndGlobalSection
	GlobalSection(SolutionProperties) = preSolution
		HideSolutionNode = FALSE
	EndGlobalSection
EndGlobal
