
Microsoft Visual Studio Solution File, Format Version 9.00
# Visual C# Express 2005
Project("{FAE04EC0-301F-11D3-BF4B-00C04F79EFBC}") = "ch6-8_2", "ch6-8_2\ch6-8_2.csproj", "{C3A304C5-687E-45B6-B092-D1A5A7A2E15E}"
EndProject
Global
	GlobalSection(SolutionConfigurationPlatforms) = preSolution
		Debug|Any CPU = Debug|Any CPU
		Release|Any CPU = Release|Any CPU
	EndGlobalSection
	GlobalSection(ProjectConfigurationPlatforms) = postSolution
		{C3A304C5-687E-45B6-B092-D1A5A7A2E15E}.Debug|Any CPU.ActiveCfg = Debug|Any CPU
		{C3A304C5-687E-45B6-B092-D1A5A7A2E15E}.Debug|Any CPU.Build.0 = Debug|Any CPU
		{C3A304C5-687E-45B6-B092-D1A5A7A2E15E}.Release|Any CPU.ActiveCfg = Release|Any CPU
		{C3A304C5-687E-45B6-B092-D1A5A7A2E15E}.Release|Any CPU.Build.0 = Release|Any CPU
	EndGlobalSection
	GlobalSection(SolutionProperties) = preSolution
		HideSolutionNode = FALSE
	EndGlobalSection
EndGlobal
