
Microsoft Visual Studio Solution File, Format Version 9.00
# Visual C# Express 2005
Project("{FAE04EC0-301F-11D3-BF4B-00C04F79EFBC}") = "ch8-1_1", "ch8-1_1\ch8-1_1.csproj", "{6BEBFC5B-1197-458C-AAF7-8AFE3B7DF560}"
EndProject
Global
	GlobalSection(SolutionConfigurationPlatforms) = preSolution
		Debug|Any CPU = Debug|Any CPU
		Release|Any CPU = Release|Any CPU
	EndGlobalSection
	GlobalSection(ProjectConfigurationPlatforms) = postSolution
		{6BEBFC5B-1197-458C-AAF7-8AFE3B7DF560}.Debug|Any CPU.ActiveCfg = Debug|Any CPU
		{6BEBFC5B-1197-458C-AAF7-8AFE3B7DF560}.Debug|Any CPU.Build.0 = Debug|Any CPU
		{6BEBFC5B-1197-458C-AAF7-8AFE3B7DF560}.Release|Any CPU.ActiveCfg = Release|Any CPU
		{6BEBFC5B-1197-458C-AAF7-8AFE3B7DF560}.Release|Any CPU.Build.0 = Release|Any CPU
	EndGlobalSection
	GlobalSection(SolutionProperties) = preSolution
		HideSolutionNode = FALSE
	EndGlobalSection
EndGlobal
