
Microsoft Visual Studio Solution File, Format Version 10.00
# Visual C# Express 2008
Project("{FAE04EC0-301F-11D3-BF4B-00C04F79EFBC}") = "ch12-1_D", "ch12-1_D\ch12-1_D.csproj", "{C94C8BAF-027A-41DD-9E03-CC053C510D1D}"
EndProject
Global
	GlobalSection(SolutionConfigurationPlatforms) = preSolution
		Debug|Any CPU = Debug|Any CPU
		Release|Any CPU = Release|Any CPU
	EndGlobalSection
	GlobalSection(ProjectConfigurationPlatforms) = postSolution
		{C94C8BAF-027A-41DD-9E03-CC053C510D1D}.Debug|Any CPU.ActiveCfg = Debug|Any CPU
		{C94C8BAF-027A-41DD-9E03-CC053C510D1D}.Debug|Any CPU.Build.0 = Debug|Any CPU
		{C94C8BAF-027A-41DD-9E03-CC053C510D1D}.Release|Any CPU.ActiveCfg = Release|Any CPU
		{C94C8BAF-027A-41DD-9E03-CC053C510D1D}.Release|Any CPU.Build.0 = Release|Any CPU
	EndGlobalSection
	GlobalSection(SolutionProperties) = preSolution
		HideSolutionNode = FALSE
	EndGlobalSection
EndGlobal
