
Microsoft Visual Studio Solution File, Format Version 9.00
# Visual C# Express 2005
Project("{FAE04EC0-301F-11D3-BF4B-00C04F79EFBC}") = "ch13-6", "ch13-6\ch13-6.csproj", "{D0DB6B74-9269-413D-818C-766CC57EEADE}"
EndProject
Global
	GlobalSection(SolutionConfigurationPlatforms) = preSolution
		Debug|Any CPU = Debug|Any CPU
		Release|Any CPU = Release|Any CPU
	EndGlobalSection
	GlobalSection(ProjectConfigurationPlatforms) = postSolution
		{D0DB6B74-9269-413D-818C-766CC57EEADE}.Debug|Any CPU.ActiveCfg = Debug|Any CPU
		{D0DB6B74-9269-413D-818C-766CC57EEADE}.Debug|Any CPU.Build.0 = Debug|Any CPU
		{D0DB6B74-9269-413D-818C-766CC57EEADE}.Release|Any CPU.ActiveCfg = Release|Any CPU
		{D0DB6B74-9269-413D-818C-766CC57EEADE}.Release|Any CPU.Build.0 = Release|Any CPU
	EndGlobalSection
	GlobalSection(SolutionProperties) = preSolution
		HideSolutionNode = FALSE
	EndGlobalSection
EndGlobal
