
Microsoft Visual Studio Solution File, Format Version 10.00
# Visual C# Express 2008
Project("{FAE04EC0-301F-11D3-BF4B-00C04F79EFBC}") = "ch2-3_1", "ch2-3_1\ch2-3_1.csproj", "{CAB51AA1-C2B6-4373-9936-681865929783}"
EndProject
Global
	GlobalSection(SolutionConfigurationPlatforms) = preSolution
		Debug|Any CPU = Debug|Any CPU
		Release|Any CPU = Release|Any CPU
	EndGlobalSection
	GlobalSection(ProjectConfigurationPlatforms) = postSolution
		{CAB51AA1-C2B6-4373-9936-681865929783}.Debug|Any CPU.ActiveCfg = Debug|Any CPU
		{CAB51AA1-C2B6-4373-9936-681865929783}.Debug|Any CPU.Build.0 = Debug|Any CPU
		{CAB51AA1-C2B6-4373-9936-681865929783}.Release|Any CPU.ActiveCfg = Release|Any CPU
		{CAB51AA1-C2B6-4373-9936-681865929783}.Release|Any CPU.Build.0 = Release|Any CPU
	EndGlobalSection
	GlobalSection(SolutionProperties) = preSolution
		HideSolutionNode = FALSE
	EndGlobalSection
EndGlobal
