
Microsoft Visual Studio Solution File, Format Version 10.00
# Visual C# Express 2008
Project("{FAE04EC0-301F-11D3-BF4B-00C04F79EFBC}") = "ch9-8", "ch9-8\ch9-8.csproj", "{EA00CEAB-86F5-4B19-8E11-D89669FC0C62}"
EndProject
Global
	GlobalSection(SolutionConfigurationPlatforms) = preSolution
		Debug|Any CPU = Debug|Any CPU
		Release|Any CPU = Release|Any CPU
	EndGlobalSection
	GlobalSection(ProjectConfigurationPlatforms) = postSolution
		{EA00CEAB-86F5-4B19-8E11-D89669FC0C62}.Debug|Any CPU.ActiveCfg = Debug|Any CPU
		{EA00CEAB-86F5-4B19-8E11-D89669FC0C62}.Debug|Any CPU.Build.0 = Debug|Any CPU
		{EA00CEAB-86F5-4B19-8E11-D89669FC0C62}.Release|Any CPU.ActiveCfg = Release|Any CPU
		{EA00CEAB-86F5-4B19-8E11-D89669FC0C62}.Release|Any CPU.Build.0 = Release|Any CPU
	EndGlobalSection
	GlobalSection(SolutionProperties) = preSolution
		HideSolutionNode = FALSE
	EndGlobalSection
EndGlobal
