
Microsoft Visual Studio Solution File, Format Version 10.00
# Visual C# Express 2008
Project("{FAE04EC0-301F-11D3-BF4B-00C04F79EFBC}") = "ch4-4_2A", "ch4-4_2A\ch4-4_2A.csproj", "{18E215AB-95FE-4D82-AC7C-894C67CA2E8C}"
EndProject
Global
	GlobalSection(SolutionConfigurationPlatforms) = preSolution
		Debug|Any CPU = Debug|Any CPU
		Release|Any CPU = Release|Any CPU
	EndGlobalSection
	GlobalSection(ProjectConfigurationPlatforms) = postSolution
		{18E215AB-95FE-4D82-AC7C-894C67CA2E8C}.Debug|Any CPU.ActiveCfg = Debug|Any CPU
		{18E215AB-95FE-4D82-AC7C-894C67CA2E8C}.Debug|Any CPU.Build.0 = Debug|Any CPU
		{18E215AB-95FE-4D82-AC7C-894C67CA2E8C}.Release|Any CPU.ActiveCfg = Release|Any CPU
		{18E215AB-95FE-4D82-AC7C-894C67CA2E8C}.Release|Any CPU.Build.0 = Release|Any CPU
	EndGlobalSection
	GlobalSection(SolutionProperties) = preSolution
		HideSolutionNode = FALSE
	EndGlobalSection
EndGlobal
