
Microsoft Visual Studio Solution File, Format Version 9.00
# Visual C# Express 2005
Project("{FAE04EC0-301F-11D3-BF4B-00C04F79EFBC}") = "ch5-5D", "ch5-5D\ch5-5D.csproj", "{9C23BE4F-622F-4E0C-92D5-FFFD7CBC294F}"
EndProject
Global
	GlobalSection(SolutionConfigurationPlatforms) = preSolution
		Debug|Any CPU = Debug|Any CPU
		Release|Any CPU = Release|Any CPU
	EndGlobalSection
	GlobalSection(ProjectConfigurationPlatforms) = postSolution
		{9C23BE4F-622F-4E0C-92D5-FFFD7CBC294F}.Debug|Any CPU.ActiveCfg = Debug|Any CPU
		{9C23BE4F-622F-4E0C-92D5-FFFD7CBC294F}.Debug|Any CPU.Build.0 = Debug|Any CPU
		{9C23BE4F-622F-4E0C-92D5-FFFD7CBC294F}.Release|Any CPU.ActiveCfg = Release|Any CPU
		{9C23BE4F-622F-4E0C-92D5-FFFD7CBC294F}.Release|Any CPU.Build.0 = Release|Any CPU
	EndGlobalSection
	GlobalSection(SolutionProperties) = preSolution
		HideSolutionNode = FALSE
	EndGlobalSection
EndGlobal
