
Microsoft Visual Studio Solution File, Format Version 10.00
# Visual C# Express 2008
Project("{FAE04EC0-301F-11D3-BF4B-00C04F79EFBC}") = "ch2-4", "ch2-4\ch2-4.csproj", "{5879985B-EAC8-47B3-83A6-7061C10D9B18}"
EndProject
Global
	GlobalSection(SolutionConfigurationPlatforms) = preSolution
		Debug|Any CPU = Debug|Any CPU
		Release|Any CPU = Release|Any CPU
	EndGlobalSection
	GlobalSection(ProjectConfigurationPlatforms) = postSolution
		{5879985B-EAC8-47B3-83A6-7061C10D9B18}.Debug|Any CPU.ActiveCfg = Debug|Any CPU
		{5879985B-EAC8-47B3-83A6-7061C10D9B18}.Debug|Any CPU.Build.0 = Debug|Any CPU
		{5879985B-EAC8-47B3-83A6-7061C10D9B18}.Release|Any CPU.ActiveCfg = Release|Any CPU
		{5879985B-EAC8-47B3-83A6-7061C10D9B18}.Release|Any CPU.Build.0 = Release|Any CPU
	EndGlobalSection
	GlobalSection(SolutionProperties) = preSolution
		HideSolutionNode = FALSE
	EndGlobalSection
EndGlobal
