
Microsoft Visual Studio Solution File, Format Version 10.00
# Visual C# Express 2008
Project("{FAE04EC0-301F-11D3-BF4B-00C04F79EFBC}") = "ch5-2B", "ch5-2B\ch5-2B.csproj", "{59D708E0-DDEF-4274-ABE9-CCC4EF5EAD64}"
EndProject
Global
	GlobalSection(SolutionConfigurationPlatforms) = preSolution
		Debug|Any CPU = Debug|Any CPU
		Release|Any CPU = Release|Any CPU
	EndGlobalSection
	GlobalSection(ProjectConfigurationPlatforms) = postSolution
		{59D708E0-DDEF-4274-ABE9-CCC4EF5EAD64}.Debug|Any CPU.ActiveCfg = Debug|Any CPU
		{59D708E0-DDEF-4274-ABE9-CCC4EF5EAD64}.Debug|Any CPU.Build.0 = Debug|Any CPU
		{59D708E0-DDEF-4274-ABE9-CCC4EF5EAD64}.Release|Any CPU.ActiveCfg = Release|Any CPU
		{59D708E0-DDEF-4274-ABE9-CCC4EF5EAD64}.Release|Any CPU.Build.0 = Release|Any CPU
	EndGlobalSection
	GlobalSection(SolutionProperties) = preSolution
		HideSolutionNode = FALSE
	EndGlobalSection
EndGlobal
