
Microsoft Visual Studio Solution File, Format Version 10.00
# Visual C# Express 2008
Project("{FAE04EC0-301F-11D3-BF4B-00C04F79EFBC}") = "ch20-1", "ch20-1\ch20-1.csproj", "{DEDB156D-C149-4E2E-B993-2A705491249F}"
EndProject
Global
	GlobalSection(SolutionConfigurationPlatforms) = preSolution
		Debug|Any CPU = Debug|Any CPU
		Release|Any CPU = Release|Any CPU
	EndGlobalSection
	GlobalSection(ProjectConfigurationPlatforms) = postSolution
		{DEDB156D-C149-4E2E-B993-2A705491249F}.Debug|Any CPU.ActiveCfg = Debug|Any CPU
		{DEDB156D-C149-4E2E-B993-2A705491249F}.Debug|Any CPU.Build.0 = Debug|Any CPU
		{DEDB156D-C149-4E2E-B993-2A705491249F}.Release|Any CPU.ActiveCfg = Release|Any CPU
		{DEDB156D-C149-4E2E-B993-2A705491249F}.Release|Any CPU.Build.0 = Release|Any CPU
	EndGlobalSection
	GlobalSection(SolutionProperties) = preSolution
		HideSolutionNode = FALSE
	EndGlobalSection
EndGlobal
