
Microsoft Visual Studio Solution File, Format Version 10.00
# Visual C# Express 2008
Project("{FAE04EC0-301F-11D3-BF4B-00C04F79EFBC}") = "ch20-3", "ch20-3\ch20-3.csproj", "{57200BD9-D1C7-45BF-833B-B1B2AF675A40}"
EndProject
Global
	GlobalSection(SolutionConfigurationPlatforms) = preSolution
		Debug|Any CPU = Debug|Any CPU
		Release|Any CPU = Release|Any CPU
	EndGlobalSection
	GlobalSection(ProjectConfigurationPlatforms) = postSolution
		{57200BD9-D1C7-45BF-833B-B1B2AF675A40}.Debug|Any CPU.ActiveCfg = Debug|Any CPU
		{57200BD9-D1C7-45BF-833B-B1B2AF675A40}.Debug|Any CPU.Build.0 = Debug|Any CPU
		{57200BD9-D1C7-45BF-833B-B1B2AF675A40}.Release|Any CPU.ActiveCfg = Release|Any CPU
		{57200BD9-D1C7-45BF-833B-B1B2AF675A40}.Release|Any CPU.Build.0 = Release|Any CPU
	EndGlobalSection
	GlobalSection(SolutionProperties) = preSolution
		HideSolutionNode = FALSE
	EndGlobalSection
EndGlobal
