
Microsoft Visual Studio Solution File, Format Version 9.00
# Visual C# Express 2005
Project("{FAE04EC0-301F-11D3-BF4B-00C04F79EFBC}") = "ch3-4_A", "ch3-4_A\ch3-4_A.csproj", "{F1F61048-E619-415B-9135-F77F35FC926C}"
EndProject
Global
	GlobalSection(SolutionConfigurationPlatforms) = preSolution
		Debug|Any CPU = Debug|Any CPU
		Release|Any CPU = Release|Any CPU
	EndGlobalSection
	GlobalSection(ProjectConfigurationPlatforms) = postSolution
		{F1F61048-E619-415B-9135-F77F35FC926C}.Debug|Any CPU.ActiveCfg = Debug|Any CPU
		{F1F61048-E619-415B-9135-F77F35FC926C}.Debug|Any CPU.Build.0 = Debug|Any CPU
		{F1F61048-E619-415B-9135-F77F35FC926C}.Release|Any CPU.ActiveCfg = Release|Any CPU
		{F1F61048-E619-415B-9135-F77F35FC926C}.Release|Any CPU.Build.0 = Release|Any CPU
	EndGlobalSection
	GlobalSection(SolutionProperties) = preSolution
		HideSolutionNode = FALSE
	EndGlobalSection
EndGlobal
