
Microsoft Visual Studio Solution File, Format Version 10.00
# Visual C# Express 2008
Project("{FAE04EC0-301F-11D3-BF4B-00C04F79EFBC}") = "ch19-3.4", "ch19-3.4\ch19-3.4.csproj", "{2EB291DB-60DD-4F26-B9F7-D472E082EEF6}"
EndProject
Global
	GlobalSection(SolutionConfigurationPlatforms) = preSolution
		Debug|Any CPU = Debug|Any CPU
		Release|Any CPU = Release|Any CPU
	EndGlobalSection
	GlobalSection(ProjectConfigurationPlatforms) = postSolution
		{2EB291DB-60DD-4F26-B9F7-D472E082EEF6}.Debug|Any CPU.ActiveCfg = Debug|Any CPU
		{2EB291DB-60DD-4F26-B9F7-D472E082EEF6}.Debug|Any CPU.Build.0 = Debug|Any CPU
		{2EB291DB-60DD-4F26-B9F7-D472E082EEF6}.Release|Any CPU.ActiveCfg = Release|Any CPU
		{2EB291DB-60DD-4F26-B9F7-D472E082EEF6}.Release|Any CPU.Build.0 = Release|Any CPU
	EndGlobalSection
	GlobalSection(SolutionProperties) = preSolution
		HideSolutionNode = FALSE
	EndGlobalSection
EndGlobal
