
Microsoft Visual Studio Solution File, Format Version 10.00
# Visual C# Express 2008
Project("{FAE04EC0-301F-11D3-BF4B-00C04F79EFBC}") = "ch4-2C", "ch4-2C\ch4-2C.csproj", "{6B584E4C-7AFA-4C1A-8F83-23283F8BD192}"
EndProject
Global
	GlobalSection(SolutionConfigurationPlatforms) = preSolution
		Debug|Any CPU = Debug|Any CPU
		Release|Any CPU = Release|Any CPU
	EndGlobalSection
	GlobalSection(ProjectConfigurationPlatforms) = postSolution
		{6B584E4C-7AFA-4C1A-8F83-23283F8BD192}.Debug|Any CPU.ActiveCfg = Debug|Any CPU
		{6B584E4C-7AFA-4C1A-8F83-23283F8BD192}.Debug|Any CPU.Build.0 = Debug|Any CPU
		{6B584E4C-7AFA-4C1A-8F83-23283F8BD192}.Release|Any CPU.ActiveCfg = Release|Any CPU
		{6B584E4C-7AFA-4C1A-8F83-23283F8BD192}.Release|Any CPU.Build.0 = Release|Any CPU
	EndGlobalSection
	GlobalSection(SolutionProperties) = preSolution
		HideSolutionNode = FALSE
	EndGlobalSection
EndGlobal
