
Microsoft Visual Studio Solution File, Format Version 10.00
# Visual C# Express 2008
Project("{FAE04EC0-301F-11D3-BF4B-00C04F79EFBC}") = "ch19-3.4A", "ch19-3.4A\ch19-3.4A.csproj", "{3FD1D822-A5BF-446F-9E33-31EEE3E7581D}"
EndProject
Global
	GlobalSection(SolutionConfigurationPlatforms) = preSolution
		Debug|Any CPU = Debug|Any CPU
		Release|Any CPU = Release|Any CPU
	EndGlobalSection
	GlobalSection(ProjectConfigurationPlatforms) = postSolution
		{3FD1D822-A5BF-446F-9E33-31EEE3E7581D}.Debug|Any CPU.ActiveCfg = Debug|Any CPU
		{3FD1D822-A5BF-446F-9E33-31EEE3E7581D}.Debug|Any CPU.Build.0 = Debug|Any CPU
		{3FD1D822-A5BF-446F-9E33-31EEE3E7581D}.Release|Any CPU.ActiveCfg = Release|Any CPU
		{3FD1D822-A5BF-446F-9E33-31EEE3E7581D}.Release|Any CPU.Build.0 = Release|Any CPU
	EndGlobalSection
	GlobalSection(SolutionProperties) = preSolution
		HideSolutionNode = FALSE
	EndGlobalSection
EndGlobal
