
Microsoft Visual Studio Solution File, Format Version 9.00
# Visual C# Express 2005
Project("{FAE04EC0-301F-11D3-BF4B-00C04F79EFBC}") = "ch8-1_3A", "ch8-1_3A\ch8-1_3A.csproj", "{131F3ABB-A870-43D0-B0D9-496D230A2ACC}"
EndProject
Global
	GlobalSection(SolutionConfigurationPlatforms) = preSolution
		Debug|Any CPU = Debug|Any CPU
		Release|Any CPU = Release|Any CPU
	EndGlobalSection
	GlobalSection(ProjectConfigurationPlatforms) = postSolution
		{131F3ABB-A870-43D0-B0D9-496D230A2ACC}.Debug|Any CPU.ActiveCfg = Debug|Any CPU
		{131F3ABB-A870-43D0-B0D9-496D230A2ACC}.Debug|Any CPU.Build.0 = Debug|Any CPU
		{131F3ABB-A870-43D0-B0D9-496D230A2ACC}.Release|Any CPU.ActiveCfg = Release|Any CPU
		{131F3ABB-A870-43D0-B0D9-496D230A2ACC}.Release|Any CPU.Build.0 = Release|Any CPU
	EndGlobalSection
	GlobalSection(SolutionProperties) = preSolution
		HideSolutionNode = FALSE
	EndGlobalSection
EndGlobal
